
Microsoft Visual Studio Solution File, Format Version 12.00
# Visual Studio Version 17
VisualStudioVersion = 17.8.34525.116
MinimumVisualStudioVersion = 10.0.40219.1
Project("{FAE04EC0-301F-11D3-BF4B-00C04F79EFBC}") = "sample_sales-system", "sample_sales-system\sample_sales-system.csproj", "{09F09A86-EF7D-42E5-B713-2A0F8B31401F}"
EndProject
Global
	GlobalSection(SolutionConfigurationPlatforms) = preSolution
		Debug|Any CPU = Debug|Any CPU
		Release|Any CPU = Release|Any CPU
	EndGlobalSection
	GlobalSection(ProjectConfigurationPlatforms) = postSolution
		{09F09A86-EF7D-42E5-B713-2A0F8B31401F}.Debug|Any CPU.ActiveCfg = Debug|Any CPU
		{09F09A86-EF7D-42E5-B713-2A0F8B31401F}.Debug|Any CPU.Build.0 = Debug|Any CPU
		{09F09A86-EF7D-42E5-B713-2A0F8B31401F}.Release|Any CPU.ActiveCfg = Release|Any CPU
		{09F09A86-EF7D-42E5-B713-2A0F8B31401F}.Release|Any CPU.Build.0 = Release|Any CPU
	EndGlobalSection
	GlobalSection(SolutionProperties) = preSolution
		HideSolutionNode = FALSE
	EndGlobalSection
	GlobalSection(ExtensibilityGlobals) = postSolution
		SolutionGuid = {8C4F786F-F265-43E5-A2FD-6A5171A05AA8}
	EndGlobalSection
EndGlobal
